
Microsoft Visual Studio Solution File, Format Version 12.00
# Visual Studio Version 17
VisualStudioVersion = 17.0.31606.5
MinimumVisualStudioVersion = 10.0.40219.1
Project("{9A19103F-16F7-4668-BE54-9A1E7A4F7556}") = "CommunityToolkit.Maui.Markup.Sample", "CommunityToolkit.Maui.Markup.Sample\CommunityToolkit.Maui.Markup.Sample\CommunityToolkit.Maui.Markup.Sample.csproj", "{A15CD688-94E8-483B-8B87-A173B2DD0E40}"
EndProject
Project("{9A19103F-16F7-4668-BE54-9A1E7A4F7556}") = "CommunityToolkit.Maui.Markup", "..\..\src\CommunityToolkit.Maui.Markup\CommunityToolkit.Maui.Markup.csproj", "{A4511CE3-FBBE-467E-AC49-522D3D308189}"
EndProject
Global
	GlobalSection(SolutionConfigurationPlatforms) = preSolution
		Debug|Any CPU = Debug|Any CPU
		Release|Any CPU = Release|Any CPU
	EndGlobalSection
	GlobalSection(ProjectConfigurationPlatforms) = postSolution
		{A15CD688-94E8-483B-8B87-A173B2DD0E40}.Debug|Any CPU.ActiveCfg = Debug|Any CPU
		{A15CD688-94E8-483B-8B87-A173B2DD0E40}.Debug|Any CPU.Build.0 = Debug|Any CPU
		{A15CD688-94E8-483B-8B87-A173B2DD0E40}.Debug|Any CPU.Deploy.0 = Debug|Any CPU
		{A15CD688-94E8-483B-8B87-A173B2DD0E40}.Release|Any CPU.ActiveCfg = Release|Any CPU
		{A15CD688-94E8-483B-8B87-A173B2DD0E40}.Release|Any CPU.Build.0 = Release|Any CPU
		{A15CD688-94E8-483B-8B87-A173B2DD0E40}.Release|Any CPU.Deploy.0 = Release|Any CPU
		{A4511CE3-FBBE-467E-AC49-522D3D308189}.Debug|Any CPU.ActiveCfg = Debug|Any CPU
		{A4511CE3-FBBE-467E-AC49-522D3D308189}.Debug|Any CPU.Build.0 = Debug|Any CPU
		{A4511CE3-FBBE-467E-AC49-522D3D308189}.Release|Any CPU.ActiveCfg = Release|Any CPU
		{A4511CE3-FBBE-467E-AC49-522D3D308189}.Release|Any CPU.Build.0 = Release|Any CPU
	EndGlobalSection
	GlobalSection(SolutionProperties) = preSolution
		HideSolutionNode = FALSE
	EndGlobalSection
	GlobalSection(ExtensibilityGlobals) = postSolution
		SolutionGuid = {61F7FB11-1E47-470C-91E2-47F8143E1572}
	EndGlobalSection
EndGlobal
