
Microsoft Visual Studio Solution File, Format Version 12.00
# Visual Studio Version 17
VisualStudioVersion = 17.0.31512.422
MinimumVisualStudioVersion = 10.0.40219.1
Project("{FAE04EC0-301F-11D3-BF4B-00C04F79EFBC}") = "CommunityToolkit.Maui.Markup", "CommunityToolkit.Maui.Markup\CommunityToolkit.Maui.Markup.csproj", "{329C6136-9A8E-4E46-93E1-930CC032D073}"
EndProject
Project("{9A19103F-16F7-4668-BE54-9A1E7A4F7556}") = "CommunityToolkit.Maui.Markup.UnitTests", "CommunityToolkit.Maui.Markup.UnitTests\CommunityToolkit.Maui.Markup.UnitTests.csproj", "{480F4FB8-F50A-4349-B5B6-C4D6D9151343}"
EndProject
Project("{2150E333-8FDC-42A3-9474-1A3956D46DE8}") = "Solution Items", "Solution Items", "{478D53B4-48B3-4100-BF4D-60F3FC77DE81}"
	ProjectSection(SolutionItems) = preProject
		Directory.Build.props = Directory.Build.props
	EndProjectSection
EndProject
Global
	GlobalSection(SolutionConfigurationPlatforms) = preSolution
		Debug|Any CPU = Debug|Any CPU
		Release|Any CPU = Release|Any CPU
	EndGlobalSection
	GlobalSection(ProjectConfigurationPlatforms) = postSolution
		{329C6136-9A8E-4E46-93E1-930CC032D073}.Debug|Any CPU.ActiveCfg = Debug|Any CPU
		{329C6136-9A8E-4E46-93E1-930CC032D073}.Debug|Any CPU.Build.0 = Debug|Any CPU
		{329C6136-9A8E-4E46-93E1-930CC032D073}.Release|Any CPU.ActiveCfg = Release|Any CPU
		{329C6136-9A8E-4E46-93E1-930CC032D073}.Release|Any CPU.Build.0 = Release|Any CPU
		{480F4FB8-F50A-4349-B5B6-C4D6D9151343}.Debug|Any CPU.ActiveCfg = Debug|Any CPU
		{480F4FB8-F50A-4349-B5B6-C4D6D9151343}.Debug|Any CPU.Build.0 = Debug|Any CPU
		{480F4FB8-F50A-4349-B5B6-C4D6D9151343}.Release|Any CPU.ActiveCfg = Release|Any CPU
		{480F4FB8-F50A-4349-B5B6-C4D6D9151343}.Release|Any CPU.Build.0 = Release|Any CPU
	EndGlobalSection
	GlobalSection(SolutionProperties) = preSolution
		HideSolutionNode = FALSE
	EndGlobalSection
	GlobalSection(ExtensibilityGlobals) = postSolution
		SolutionGuid = {42B065EB-DA54-40BE-B676-3D47D59A81F2}
	EndGlobalSection
EndGlobal
